
Microsoft Visual Studio Solution File, Format Version 12.00
# Visual Studio Version 16
VisualStudioVersion = 16.0.30907.101
MinimumVisualStudioVersion = 10.0.40219.1
Project("{FAE04EC0-301F-11D3-BF4B-00C04F79EFBC}") = "ConsoleAppExerciseTesting", "ConsoleAppExerciseTesting\ConsoleAppExerciseTesting.csproj", "{FCD18F27-193A-43A1-980C-7F13F377E816}"
EndProject
Project("{FAE04EC0-301F-11D3-BF4B-00C04F79EFBC}") = "ClassLibraryTest", "ClassLibraryTest\ClassLibraryTest.csproj", "{0B36BE12-C8B8-4E8E-B0A0-A072B2C39516}"
EndProject
Global
	GlobalSection(SolutionConfigurationPlatforms) = preSolution
		Debug|Any CPU = Debug|Any CPU
		Release|Any CPU = Release|Any CPU
	EndGlobalSection
	GlobalSection(ProjectConfigurationPlatforms) = postSolution
		{FCD18F27-193A-43A1-980C-7F13F377E816}.Debug|Any CPU.ActiveCfg = Debug|Any CPU
		{FCD18F27-193A-43A1-980C-7F13F377E816}.Debug|Any CPU.Build.0 = Debug|Any CPU
		{FCD18F27-193A-43A1-980C-7F13F377E816}.Release|Any CPU.ActiveCfg = Release|Any CPU
		{FCD18F27-193A-43A1-980C-7F13F377E816}.Release|Any CPU.Build.0 = Release|Any CPU
		{0B36BE12-C8B8-4E8E-B0A0-A072B2C39516}.Debug|Any CPU.ActiveCfg = Debug|Any CPU
		{0B36BE12-C8B8-4E8E-B0A0-A072B2C39516}.Debug|Any CPU.Build.0 = Debug|Any CPU
		{0B36BE12-C8B8-4E8E-B0A0-A072B2C39516}.Release|Any CPU.ActiveCfg = Release|Any CPU
		{0B36BE12-C8B8-4E8E-B0A0-A072B2C39516}.Release|Any CPU.Build.0 = Release|Any CPU
	EndGlobalSection
	GlobalSection(SolutionProperties) = preSolution
		HideSolutionNode = FALSE
	EndGlobalSection
	GlobalSection(ExtensibilityGlobals) = postSolution
		SolutionGuid = {84F9018D-CD4C-41B5-B35D-95F8999125E2}
	EndGlobalSection
EndGlobal
